
Microsoft Visual Studio Solution File, Format Version 12.00
# Visual Studio Version 17
VisualStudioVersion = 17.1.32120.378
MinimumVisualStudioVersion = 10.0.40219.1
Project("{FAE04EC0-301F-11D3-BF4B-00C04F79EFBC}") = "HC-V11", "HC-V11\HC-V11.csproj", "{21A9CCC9-D5C8-469B-9A7F-0F54CCFD88DE}"
EndProject
Project("{D954291E-2A0B-460D-934E-DC6B0785DB48}") = "SharedResources", "SharedResources\SharedResources.shproj", "{16B27876-3868-41C2-9B1F-DAC1CCA47B5A}"
EndProject
Global
	GlobalSection(SharedMSBuildProjectFiles) = preSolution
		SharedResources\SharedResources.projitems*{16b27876-3868-41c2-9b1f-dac1cca47b5a}*SharedItemsImports = 13
		SharedResources\SharedResources.projitems*{21a9ccc9-d5c8-469b-9a7f-0f54ccfd88de}*SharedItemsImports = 5
	EndGlobalSection
	GlobalSection(SolutionConfigurationPlatforms) = preSolution
		Debug|Any CPU = Debug|Any CPU
		Release|Any CPU = Release|Any CPU
	EndGlobalSection
	GlobalSection(ProjectConfigurationPlatforms) = postSolution
		{21A9CCC9-D5C8-469B-9A7F-0F54CCFD88DE}.Debug|Any CPU.ActiveCfg = Debug|Any CPU
		{21A9CCC9-D5C8-469B-9A7F-0F54CCFD88DE}.Debug|Any CPU.Build.0 = Debug|Any CPU
		{21A9CCC9-D5C8-469B-9A7F-0F54CCFD88DE}.Release|Any CPU.ActiveCfg = Release|Any CPU
		{21A9CCC9-D5C8-469B-9A7F-0F54CCFD88DE}.Release|Any CPU.Build.0 = Release|Any CPU
	EndGlobalSection
	GlobalSection(SolutionProperties) = preSolution
		HideSolutionNode = FALSE
	EndGlobalSection
	GlobalSection(ExtensibilityGlobals) = postSolution
		SolutionGuid = {4F95C769-1246-4C66-95AF-1E7AFA77D26E}
	EndGlobalSection
EndGlobal
